
Microsoft Visual Studio Solution File, Format Version 12.00
# Visual Studio Version 17
VisualStudioVersion = 17.7.34031.279
MinimumVisualStudioVersion = 10.0.40219.1
Project("{8BC9CEB8-8B4A-11D0-8D11-00A0C91BC942}") = "des-шифрование", "des-шифрование.vcxproj", "{92A634A4-699E-4CA0-963E-097B1EC4A4D9}"
EndProject
Global
	GlobalSection(SolutionConfigurationPlatforms) = preSolution
		Debug|x64 = Debug|x64
		Debug|x86 = Debug|x86
		Release|x64 = Release|x64
		Release|x86 = Release|x86
	EndGlobalSection
	GlobalSection(ProjectConfigurationPlatforms) = postSolution
		{92A634A4-699E-4CA0-963E-097B1EC4A4D9}.Debug|x64.ActiveCfg = Debug|x64
		{92A634A4-699E-4CA0-963E-097B1EC4A4D9}.Debug|x64.Build.0 = Debug|x64
		{92A634A4-699E-4CA0-963E-097B1EC4A4D9}.Debug|x86.ActiveCfg = Debug|Win32
		{92A634A4-699E-4CA0-963E-097B1EC4A4D9}.Debug|x86.Build.0 = Debug|Win32
		{92A634A4-699E-4CA0-963E-097B1EC4A4D9}.Release|x64.ActiveCfg = Release|x64
		{92A634A4-699E-4CA0-963E-097B1EC4A4D9}.Release|x64.Build.0 = Release|x64
		{92A634A4-699E-4CA0-963E-097B1EC4A4D9}.Release|x86.ActiveCfg = Release|Win32
		{92A634A4-699E-4CA0-963E-097B1EC4A4D9}.Release|x86.Build.0 = Release|Win32
	EndGlobalSection
	GlobalSection(SolutionProperties) = preSolution
		HideSolutionNode = FALSE
	EndGlobalSection
	GlobalSection(ExtensibilityGlobals) = postSolution
		SolutionGuid = {3B8A2911-C993-499B-86F8-3AFCA4773A02}
	EndGlobalSection
EndGlobal
