
Microsoft Visual Studio Solution File, Format Version 12.00
# Visual Studio Version 17
VisualStudioVersion = 17.7.34031.279
MinimumVisualStudioVersion = 10.0.40219.1
Project("{8BC9CEB8-8B4A-11D0-8D11-00A0C91BC942}") = "miller_rabin_primality_test", "miller_rabin_primality_test.vcxproj", "{ABE5CA98-B58F-46AC-8E4D-ED9E26AB3280}"
EndProject
Global
	GlobalSection(SolutionConfigurationPlatforms) = preSolution
		Debug|x64 = Debug|x64
		Debug|x86 = Debug|x86
		Release|x64 = Release|x64
		Release|x86 = Release|x86
	EndGlobalSection
	GlobalSection(ProjectConfigurationPlatforms) = postSolution
		{ABE5CA98-B58F-46AC-8E4D-ED9E26AB3280}.Debug|x64.ActiveCfg = Release|x64
		{ABE5CA98-B58F-46AC-8E4D-ED9E26AB3280}.Debug|x64.Build.0 = Release|x64
		{ABE5CA98-B58F-46AC-8E4D-ED9E26AB3280}.Debug|x86.ActiveCfg = Debug|Win32
		{ABE5CA98-B58F-46AC-8E4D-ED9E26AB3280}.Debug|x86.Build.0 = Debug|Win32
		{ABE5CA98-B58F-46AC-8E4D-ED9E26AB3280}.Release|x64.ActiveCfg = Release|x64
		{ABE5CA98-B58F-46AC-8E4D-ED9E26AB3280}.Release|x64.Build.0 = Release|x64
		{ABE5CA98-B58F-46AC-8E4D-ED9E26AB3280}.Release|x86.ActiveCfg = Release|Win32
		{ABE5CA98-B58F-46AC-8E4D-ED9E26AB3280}.Release|x86.Build.0 = Release|Win32
	EndGlobalSection
	GlobalSection(SolutionProperties) = preSolution
		HideSolutionNode = FALSE
	EndGlobalSection
	GlobalSection(ExtensibilityGlobals) = postSolution
		SolutionGuid = {AA33030E-4F26-4FB0-BF7A-C0C459060360}
	EndGlobalSection
EndGlobal
